
Microsoft Visual Studio Solution File, Format Version 12.00
# Visual Studio 15
VisualStudioVersion = 15.0.27703.2000
MinimumVisualStudioVersion = 10.0.40219.1
Project("{9A19103F-16F7-4668-BE54-9A1E7A4F7556}") = "AreaFinder", "AreaFinder\AreaFinder.csproj", "{F057B751-F2C4-4C0D-9C38-92BAF1A03CFB}"
EndProject
Project("{FAE04EC0-301F-11D3-BF4B-00C04F79EFBC}") = "AreaFinder.Test", "AreaFinder.Test\AreaFinder.Test.csproj", "{C7C51D0B-3876-486D-9B76-89A8CC062C8F}"
EndProject
Global
	GlobalSection(SolutionConfigurationPlatforms) = preSolution
		Debug|Any CPU = Debug|Any CPU
		Release|Any CPU = Release|Any CPU
	EndGlobalSection
	GlobalSection(ProjectConfigurationPlatforms) = postSolution
		{F057B751-F2C4-4C0D-9C38-92BAF1A03CFB}.Debug|Any CPU.ActiveCfg = Debug|Any CPU
		{F057B751-F2C4-4C0D-9C38-92BAF1A03CFB}.Debug|Any CPU.Build.0 = Debug|Any CPU
		{F057B751-F2C4-4C0D-9C38-92BAF1A03CFB}.Release|Any CPU.ActiveCfg = Release|Any CPU
		{F057B751-F2C4-4C0D-9C38-92BAF1A03CFB}.Release|Any CPU.Build.0 = Release|Any CPU
		{C7C51D0B-3876-486D-9B76-89A8CC062C8F}.Debug|Any CPU.ActiveCfg = Debug|Any CPU
		{C7C51D0B-3876-486D-9B76-89A8CC062C8F}.Debug|Any CPU.Build.0 = Debug|Any CPU
		{C7C51D0B-3876-486D-9B76-89A8CC062C8F}.Release|Any CPU.ActiveCfg = Release|Any CPU
		{C7C51D0B-3876-486D-9B76-89A8CC062C8F}.Release|Any CPU.Build.0 = Release|Any CPU
	EndGlobalSection
	GlobalSection(SolutionProperties) = preSolution
		HideSolutionNode = FALSE
	EndGlobalSection
	GlobalSection(ExtensibilityGlobals) = postSolution
		SolutionGuid = {83C35FA1-139B-4168-88A4-FF1CDAD19CF1}
	EndGlobalSection
EndGlobal
